// !$*UTF8*$!
{
	archiveVersion = 1;
	classes = {
	};
	objectVersion = 56;
	objects = {

/* Begin PBXBuildFile section */
		156323A62B4B846000A1DBE8 /* ScrumdingerApp.swift in Sources */ = {isa = PBXBuildFile; fileRef = 156323A52B4B846000A1DBE8 /* ScrumdingerApp.swift */; };
		156323A82B4B846000A1DBE8 /* MeetingView.swift in Sources */ = {isa = PBXBuildFile; fileRef = 156323A72B4B846000A1DBE8 /* MeetingView.swift */; };
		156323AD2B4B846100A1DBE8 /* Preview Assets.xcassets in Resources */ = {isa = PBXBuildFile; fileRef = 156323AC2B4B846100A1DBE8 /* Preview Assets.xcassets */; };
		156323B72B4B846100A1DBE8 /* ScrumdingerTests.swift in Sources */ = {isa = PBXBuildFile; fileRef = 156323B62B4B846100A1DBE8 /* ScrumdingerTests.swift */; };
		156323C12B4B846100A1DBE8 /* ScrumdingerUITests.swift in Sources */ = {isa = PBXBuildFile; fileRef = 156323C02B4B846100A1DBE8 /* ScrumdingerUITests.swift */; };
		156323C32B4B846100A1DBE8 /* ScrumdingerUITestsLaunchTests.swift in Sources */ = {isa = PBXBuildFile; fileRef = 156323C22B4B846100A1DBE8 /* ScrumdingerUITestsLaunchTests.swift */; };
		156323D12B4B8AD800A1DBE8 /* Theme.swift in Sources */ = {isa = PBXBuildFile; fileRef = 156323D02B4B8AD800A1DBE8 /* Theme.swift */; };
		156323D32B4B8BD100A1DBE8 /* DailyScrum.swift in Sources */ = {isa = PBXBuildFile; fileRef = 156323D22B4B8BD100A1DBE8 /* DailyScrum.swift */; };
		156323D52B4B8D1900A1DBE8 /* CardView.swift in Sources */ = {isa = PBXBuildFile; fileRef = 156323D42B4B8D1900A1DBE8 /* CardView.swift */; };
		156323D72B4B953A00A1DBE8 /* Assets.xcassets in Resources */ = {isa = PBXBuildFile; fileRef = 156323D62B4B953A00A1DBE8 /* Assets.xcassets */; };
		156323D92B4B9AA100A1DBE8 /* TrailingIconLabelStyle.swift in Sources */ = {isa = PBXBuildFile; fileRef = 156323D82B4B9AA100A1DBE8 /* TrailingIconLabelStyle.swift */; };
		156323DB2B4BE06100A1DBE8 /* ScrumsView.swift in Sources */ = {isa = PBXBuildFile; fileRef = 156323DA2B4BE06100A1DBE8 /* ScrumsView.swift */; };
		156323DD2B4BE68400A1DBE8 /* DetailView.swift in Sources */ = {isa = PBXBuildFile; fileRef = 156323DC2B4BE68400A1DBE8 /* DetailView.swift */; };
		156323DF2B4BF22000A1DBE8 /* DetailEditView.swift in Sources */ = {isa = PBXBuildFile; fileRef = 156323DE2B4BF22000A1DBE8 /* DetailEditView.swift */; };
		156323E12B4BF8D600A1DBE8 /* ThemeView.swift in Sources */ = {isa = PBXBuildFile; fileRef = 156323E02B4BF8D600A1DBE8 /* ThemeView.swift */; };
		156323E42B4BFA5700A1DBE8 /* ThemePicker.swift in Sources */ = {isa = PBXBuildFile; fileRef = 156323E32B4BFA5700A1DBE8 /* ThemePicker.swift */; };
/* End PBXBuildFile section */

/* Begin PBXContainerItemProxy section */
		156323B32B4B846100A1DBE8 /* PBXContainerItemProxy */ = {
			isa = PBXContainerItemProxy;
			containerPortal = 1563239A2B4B846000A1DBE8 /* Project object */;
			proxyType = 1;
			remoteGlobalIDString = 156323A12B4B846000A1DBE8;
			remoteInfo = Scrumdinger;
		};
		156323BD2B4B846100A1DBE8 /* PBXContainerItemProxy */ = {
			isa = PBXContainerItemProxy;
			containerPortal = 1563239A2B4B846000A1DBE8 /* Project object */;
			proxyType = 1;
			remoteGlobalIDString = 156323A12B4B846000A1DBE8;
			remoteInfo = Scrumdinger;
		};
/* End PBXContainerItemProxy section */

/* Begin PBXFileReference section */
		156323A22B4B846000A1DBE8 /* Scrumdinger.app */ = {isa = PBXFileReference; explicitFileType = wrapper.application; includeInIndex = 0; path = Scrumdinger.app; sourceTree = BUILT_PRODUCTS_DIR; };
		156323A52B4B846000A1DBE8 /* ScrumdingerApp.swift */ = {isa = PBXFileReference; lastKnownFileType = sourcecode.swift; path = ScrumdingerApp.swift; sourceTree = "<group>"; };
		156323A72B4B846000A1DBE8 /* MeetingView.swift */ = {isa = PBXFileReference; lastKnownFileType = sourcecode.swift; path = MeetingView.swift; sourceTree = "<group>"; };
		156323AC2B4B846100A1DBE8 /* Preview Assets.xcassets */ = {isa = PBXFileReference; lastKnownFileType = folder.assetcatalog; path = "Preview Assets.xcassets"; sourceTree = "<group>"; };
		156323B22B4B846100A1DBE8 /* ScrumdingerTests.xctest */ = {isa = PBXFileReference; explicitFileType = wrapper.cfbundle; includeInIndex = 0; path = ScrumdingerTests.xctest; sourceTree = BUILT_PRODUCTS_DIR; };
		156323B62B4B846100A1DBE8 /* ScrumdingerTests.swift */ = {isa = PBXFileReference; lastKnownFileType = sourcecode.swift; path = ScrumdingerTests.swift; sourceTree = "<group>"; };
		156323BC2B4B846100A1DBE8 /* ScrumdingerUITests.xctest */ = {isa = PBXFileReference; explicitFileType = wrapper.cfbundle; includeInIndex = 0; path = ScrumdingerUITests.xctest; sourceTree = BUILT_PRODUCTS_DIR; };
		156323C02B4B846100A1DBE8 /* ScrumdingerUITests.swift */ = {isa = PBXFileReference; lastKnownFileType = sourcecode.swift; path = ScrumdingerUITests.swift; sourceTree = "<group>"; };
		156323C22B4B846100A1DBE8 /* ScrumdingerUITestsLaunchTests.swift */ = {isa = PBXFileReference; lastKnownFileType = sourcecode.swift; path = ScrumdingerUITestsLaunchTests.swift; sourceTree = "<group>"; };
		156323D02B4B8AD800A1DBE8 /* Theme.swift */ = {isa = PBXFileReference; lastKnownFileType = sourcecode.swift; path = Theme.swift; sourceTree = "<group>"; };
		156323D22B4B8BD100A1DBE8 /* DailyScrum.swift */ = {isa = PBXFileReference; lastKnownFileType = sourcecode.swift; path = DailyScrum.swift; sourceTree = "<group>"; };
		156323D42B4B8D1900A1DBE8 /* CardView.swift */ = {isa = PBXFileReference; lastKnownFileType = sourcecode.swift; name = CardView.swift; path = Scrumdinger/CardView.swift; sourceTree = SOURCE_ROOT; };
		156323D62B4B953A00A1DBE8 /* Assets.xcassets */ = {isa = PBXFileReference; lastKnownFileType = folder.assetcatalog; name = Assets.xcassets; path = ../../../../Downloads/CreatingACardView/Complete/Scrumdinger/Assets.xcassets; sourceTree = "<group>"; };
		156323D82B4B9AA100A1DBE8 /* TrailingIconLabelStyle.swift */ = {isa = PBXFileReference; lastKnownFileType = sourcecode.swift; path = TrailingIconLabelStyle.swift; sourceTree = "<group>"; };
		156323DA2B4BE06100A1DBE8 /* ScrumsView.swift */ = {isa = PBXFileReference; lastKnownFileType = sourcecode.swift; path = ScrumsView.swift; sourceTree = "<group>"; };
		156323DC2B4BE68400A1DBE8 /* DetailView.swift */ = {isa = PBXFileReference; lastKnownFileType = sourcecode.swift; path = DetailView.swift; sourceTree = "<group>"; };
		156323DE2B4BF22000A1DBE8 /* DetailEditView.swift */ = {isa = PBXFileReference; lastKnownFileType = sourcecode.swift; path = DetailEditView.swift; sourceTree = "<group>"; };
		156323E02B4BF8D600A1DBE8 /* ThemeView.swift */ = {isa = PBXFileReference; lastKnownFileType = sourcecode.swift; name = ThemeView.swift; path = Scrumdinger/Themes/ThemeView.swift; sourceTree = SOURCE_ROOT; };
		156323E32B4BFA5700A1DBE8 /* ThemePicker.swift */ = {isa = PBXFileReference; lastKnownFileType = sourcecode.swift; path = ThemePicker.swift; sourceTree = "<group>"; };
/* End PBXFileReference section */

/* Begin PBXFrameworksBuildPhase section */
		1563239F2B4B846000A1DBE8 /* Frameworks */ = {
			isa = PBXFrameworksBuildPhase;
			buildActionMask = 2147483647;
			files = (
			);
			runOnlyForDeploymentPostprocessing = 0;
		};
		156323AF2B4B846100A1DBE8 /* Frameworks */ = {
			isa = PBXFrameworksBuildPhase;
			buildActionMask = 2147483647;
			files = (
			);
			runOnlyForDeploymentPostprocessing = 0;
		};
		156323B92B4B846100A1DBE8 /* Frameworks */ = {
			isa = PBXFrameworksBuildPhase;
			buildActionMask = 2147483647;
			files = (
			);
			runOnlyForDeploymentPostprocessing = 0;
		};
/* End PBXFrameworksBuildPhase section */

/* Begin PBXGroup section */
		156323992B4B846000A1DBE8 = {
			isa = PBXGroup;
			children = (
				156323A42B4B846000A1DBE8 /* Scrumdinger */,
				156323B52B4B846100A1DBE8 /* ScrumdingerTests */,
				156323BF2B4B846100A1DBE8 /* ScrumdingerUITests */,
				156323A32B4B846000A1DBE8 /* Products */,
			);
			sourceTree = "<group>";
		};
		156323A32B4B846000A1DBE8 /* Products */ = {
			isa = PBXGroup;
			children = (
				156323A22B4B846000A1DBE8 /* Scrumdinger.app */,
				156323B22B4B846100A1DBE8 /* ScrumdingerTests.xctest */,
				156323BC2B4B846100A1DBE8 /* ScrumdingerUITests.xctest */,
			);
			name = Products;
			sourceTree = "<group>";
		};
		156323A42B4B846000A1DBE8 /* Scrumdinger */ = {
			isa = PBXGroup;
			children = (
				156323E22B4BF8EB00A1DBE8 /* Themes */,
				156323DE2B4BF22000A1DBE8 /* DetailEditView.swift */,
				156323DC2B4BE68400A1DBE8 /* DetailView.swift */,
				156323D62B4B953A00A1DBE8 /* Assets.xcassets */,
				156323CF2B4B8AAF00A1DBE8 /* Models */,
				156323A52B4B846000A1DBE8 /* ScrumdingerApp.swift */,
				156323D42B4B8D1900A1DBE8 /* CardView.swift */,
				156323DA2B4BE06100A1DBE8 /* ScrumsView.swift */,
				156323D82B4B9AA100A1DBE8 /* TrailingIconLabelStyle.swift */,
				156323A72B4B846000A1DBE8 /* MeetingView.swift */,
				156323AB2B4B846100A1DBE8 /* Preview Content */,
			);
			path = Scrumdinger;
			sourceTree = "<group>";
		};
		156323AB2B4B846100A1DBE8 /* Preview Content */ = {
			isa = PBXGroup;
			children = (
				156323AC2B4B846100A1DBE8 /* Preview Assets.xcassets */,
			);
			path = "Preview Content";
			sourceTree = "<group>";
		};
		156323B52B4B846100A1DBE8 /* ScrumdingerTests */ = {
			isa = PBXGroup;
			children = (
				156323B62B4B846100A1DBE8 /* ScrumdingerTests.swift */,
			);
			path = ScrumdingerTests;
			sourceTree = "<group>";
		};
		156323BF2B4B846100A1DBE8 /* ScrumdingerUITests */ = {
			isa = PBXGroup;
			children = (
				156323C02B4B846100A1DBE8 /* ScrumdingerUITests.swift */,
				156323C22B4B846100A1DBE8 /* ScrumdingerUITestsLaunchTests.swift */,
			);
			path = ScrumdingerUITests;
			sourceTree = "<group>";
		};
		156323CF2B4B8AAF00A1DBE8 /* Models */ = {
			isa = PBXGroup;
			children = (
				156323D02B4B8AD800A1DBE8 /* Theme.swift */,
				156323D22B4B8BD100A1DBE8 /* DailyScrum.swift */,
			);
			path = Models;
			sourceTree = "<group>";
		};
		156323E22B4BF8EB00A1DBE8 /* Themes */ = {
			isa = PBXGroup;
			children = (
				156323E02B4BF8D600A1DBE8 /* ThemeView.swift */,
				156323E32B4BFA5700A1DBE8 /* ThemePicker.swift */,
			);
			path = Themes;
			sourceTree = "<group>";
		};
/* End PBXGroup section */

/* Begin PBXNativeTarget section */
		156323A12B4B846000A1DBE8 /* Scrumdinger */ = {
			isa = PBXNativeTarget;
			buildConfigurationList = 156323C62B4B846100A1DBE8 /* Build configuration list for PBXNativeTarget "Scrumdinger" */;
			buildPhases = (
				1563239E2B4B846000A1DBE8 /* Sources */,
				1563239F2B4B846000A1DBE8 /* Frameworks */,
				156323A02B4B846000A1DBE8 /* Resources */,
			);
			buildRules = (
			);
			dependencies = (
			);
			name = Scrumdinger;
			productName = Scrumdinger;
			productReference = 156323A22B4B846000A1DBE8 /* Scrumdinger.app */;
			productType = "com.apple.product-type.application";
		};
		156323B12B4B846100A1DBE8 /* ScrumdingerTests */ = {
			isa = PBXNativeTarget;
			buildConfigurationList = 156323C92B4B846100A1DBE8 /* Build configuration list for PBXNativeTarget "ScrumdingerTests" */;
			buildPhases = (
				156323AE2B4B846100A1DBE8 /* Sources */,
				156323AF2B4B846100A1DBE8 /* Frameworks */,
				156323B02B4B846100A1DBE8 /* Resources */,
			);
			buildRules = (
			);
			dependencies = (
				156323B42B4B846100A1DBE8 /* PBXTargetDependency */,
			);
			name = ScrumdingerTests;
			productName = ScrumdingerTests;
			productReference = 156323B22B4B846100A1DBE8 /* ScrumdingerTests.xctest */;
			productType = "com.apple.product-type.bundle.unit-test";
		};
		156323BB2B4B846100A1DBE8 /* ScrumdingerUITests */ = {
			isa = PBXNativeTarget;
			buildConfigurationList = 156323CC2B4B846100A1DBE8 /* Build configuration list for PBXNativeTarget "ScrumdingerUITests" */;
			buildPhases = (
				156323B82B4B846100A1DBE8 /* Sources */,
				156323B92B4B846100A1DBE8 /* Frameworks */,
				156323BA2B4B846100A1DBE8 /* Resources */,
			);
			buildRules = (
			);
			dependencies = (
				156323BE2B4B846100A1DBE8 /* PBXTargetDependency */,
			);
			name = ScrumdingerUITests;
			productName = ScrumdingerUITests;
			productReference = 156323BC2B4B846100A1DBE8 /* ScrumdingerUITests.xctest */;
			productType = "com.apple.product-type.bundle.ui-testing";
		};
/* End PBXNativeTarget section */

/* Begin PBXProject section */
		1563239A2B4B846000A1DBE8 /* Project object */ = {
			isa = PBXProject;
			attributes = {
				BuildIndependentTargetsInParallel = 1;
				LastSwiftUpdateCheck = 1510;
				LastUpgradeCheck = 1510;
				TargetAttributes = {
					156323A12B4B846000A1DBE8 = {
						CreatedOnToolsVersion = 15.1;
					};
					156323B12B4B846100A1DBE8 = {
						CreatedOnToolsVersion = 15.1;
						TestTargetID = 156323A12B4B846000A1DBE8;
					};
					156323BB2B4B846100A1DBE8 = {
						CreatedOnToolsVersion = 15.1;
						TestTargetID = 156323A12B4B846000A1DBE8;
					};
				};
			};
			buildConfigurationList = 1563239D2B4B846000A1DBE8 /* Build configuration list for PBXProject "Scrumdinger" */;
			compatibilityVersion = "Xcode 14.0";
			developmentRegion = en;
			hasScannedForEncodings = 0;
			knownRegions = (
				en,
				Base,
			);
			mainGroup = 156323992B4B846000A1DBE8;
			productRefGroup = 156323A32B4B846000A1DBE8 /* Products */;
			projectDirPath = "";
			projectRoot = "";
			targets = (
				156323A12B4B846000A1DBE8 /* Scrumdinger */,
				156323B12B4B846100A1DBE8 /* ScrumdingerTests */,
				156323BB2B4B846100A1DBE8 /* ScrumdingerUITests */,
			);
		};
/* End PBXProject section */

/* Begin PBXResourcesBuildPhase section */
		156323A02B4B846000A1DBE8 /* Resources */ = {
			isa = PBXResourcesBuildPhase;
			buildActionMask = 2147483647;
			files = (
				156323AD2B4B846100A1DBE8 /* Preview Assets.xcassets in Resources */,
				156323D72B4B953A00A1DBE8 /* Assets.xcassets in Resources */,
			);
			runOnlyForDeploymentPostprocessing = 0;
		};
		156323B02B4B846100A1DBE8 /* Resources */ = {
			isa = PBXResourcesBuildPhase;
			buildActionMask = 2147483647;
			files = (
			);
			runOnlyForDeploymentPostprocessing = 0;
		};
		156323BA2B4B846100A1DBE8 /* Resources */ = {
			isa = PBXResourcesBuildPhase;
			buildActionMask = 2147483647;
			files = (
			);
			runOnlyForDeploymentPostprocessing = 0;
		};
/* End PBXResourcesBuildPhase section */

/* Begin PBXSourcesBuildPhase section */
		1563239E2B4B846000A1DBE8 /* Sources */ = {
			isa = PBXSourcesBuildPhase;
			buildActionMask = 2147483647;
			files = (
				156323E42B4BFA5700A1DBE8 /* ThemePicker.swift in Sources */,
				156323D32B4B8BD100A1DBE8 /* DailyScrum.swift in Sources */,
				156323DD2B4BE68400A1DBE8 /* DetailView.swift in Sources */,
				156323DF2B4BF22000A1DBE8 /* DetailEditView.swift in Sources */,
				156323D92B4B9AA100A1DBE8 /* TrailingIconLabelStyle.swift in Sources */,
				156323D12B4B8AD800A1DBE8 /* Theme.swift in Sources */,
				156323DB2B4BE06100A1DBE8 /* ScrumsView.swift in Sources */,
				156323A82B4B846000A1DBE8 /* MeetingView.swift in Sources */,
				156323A62B4B846000A1DBE8 /* ScrumdingerApp.swift in Sources */,
				156323E12B4BF8D600A1DBE8 /* ThemeView.swift in Sources */,
				156323D52B4B8D1900A1DBE8 /* CardView.swift in Sources */,
			);
			runOnlyForDeploymentPostprocessing = 0;
		};
		156323AE2B4B846100A1DBE8 /* Sources */ = {
			isa = PBXSourcesBuildPhase;
			buildActionMask = 2147483647;
			files = (
				156323B72B4B846100A1DBE8 /* ScrumdingerTests.swift in Sources */,
			);
			runOnlyForDeploymentPostprocessing = 0;
		};
		156323B82B4B846100A1DBE8 /* Sources */ = {
			isa = PBXSourcesBuildPhase;
			buildActionMask = 2147483647;
			files = (
				156323C32B4B846100A1DBE8 /* ScrumdingerUITestsLaunchTests.swift in Sources */,
				156323C12B4B846100A1DBE8 /* ScrumdingerUITests.swift in Sources */,
			);
			runOnlyForDeploymentPostprocessing = 0;
		};
/* End PBXSourcesBuildPhase section */

/* Begin PBXTargetDependency section */
		156323B42B4B846100A1DBE8 /* PBXTargetDependency */ = {
			isa = PBXTargetDependency;
			target = 156323A12B4B846000A1DBE8 /* Scrumdinger */;
			targetProxy = 156323B32B4B846100A1DBE8 /* PBXContainerItemProxy */;
		};
		156323BE2B4B846100A1DBE8 /* PBXTargetDependency */ = {
			isa = PBXTargetDependency;
			target = 156323A12B4B846000A1DBE8 /* Scrumdinger */;
			targetProxy = 156323BD2B4B846100A1DBE8 /* PBXContainerItemProxy */;
		};
/* End PBXTargetDependency section */

/* Begin XCBuildConfiguration section */
		156323C42B4B846100A1DBE8 /* Debug */ = {
			isa = XCBuildConfiguration;
			buildSettings = {
				ALWAYS_SEARCH_USER_PATHS = NO;
				ASSETCATALOG_COMPILER_GENERATE_SWIFT_ASSET_SYMBOL_EXTENSIONS = YES;
				CLANG_ANALYZER_NONNULL = YES;
				CLANG_ANALYZER_NUMBER_OBJECT_CONVERSION = YES_AGGRESSIVE;
				CLANG_CXX_LANGUAGE_STANDARD = "gnu++20";
				CLANG_ENABLE_MODULES = YES;
				CLANG_ENABLE_OBJC_ARC = YES;
				CLANG_ENABLE_OBJC_WEAK = YES;
				CLANG_WARN_BLOCK_CAPTURE_AUTORELEASING = YES;
				CLANG_WARN_BOOL_CONVERSION = YES;
				CLANG_WARN_COMMA = YES;
				CLANG_WARN_CONSTANT_CONVERSION = YES;
				CLANG_WARN_DEPRECATED_OBJC_IMPLEMENTATIONS = YES;
				CLANG_WARN_DIRECT_OBJC_ISA_USAGE = YES_ERROR;
				CLANG_WARN_DOCUMENTATION_COMMENTS = YES;
				CLANG_WARN_EMPTY_BODY = YES;
				CLANG_WARN_ENUM_CONVERSION = YES;
				CLANG_WARN_INFINITE_RECURSION = YES;
				CLANG_WARN_INT_CONVERSION = YES;
				CLANG_WARN_NON_LITERAL_NULL_CONVERSION = YES;
				CLANG_WARN_OBJC_IMPLICIT_RETAIN_SELF = YES;
				CLANG_WARN_OBJC_LITERAL_CONVERSION = YES;
				CLANG_WARN_OBJC_ROOT_CLASS = YES_ERROR;
				CLANG_WARN_QUOTED_INCLUDE_IN_FRAMEWORK_HEADER = YES;
				CLANG_WARN_RANGE_LOOP_ANALYSIS = YES;
				CLANG_WARN_STRICT_PROTOTYPES = YES;
				CLANG_WARN_SUSPICIOUS_MOVE = YES;
				CLANG_WARN_UNGUARDED_AVAILABILITY = YES_AGGRESSIVE;
				CLANG_WARN_UNREACHABLE_CODE = YES;
				CLANG_WARN__DUPLICATE_METHOD_MATCH = YES;
				COPY_PHASE_STRIP = NO;
				DEBUG_INFORMATION_FORMAT = dwarf;
				ENABLE_STRICT_OBJC_MSGSEND = YES;
				ENABLE_TESTABILITY = YES;
				ENABLE_USER_SCRIPT_SANDBOXING = YES;
				GCC_C_LANGUAGE_STANDARD = gnu17;
				GCC_DYNAMIC_NO_PIC = NO;
				GCC_NO_COMMON_BLOCKS = YES;
				GCC_OPTIMIZATION_LEVEL = 0;
				GCC_PREPROCESSOR_DEFINITIONS = (
					"DEBUG=1",
					"$(inherited)",
				);
				GCC_WARN_64_TO_32_BIT_CONVERSION = YES;
				GCC_WARN_ABOUT_RETURN_TYPE = YES_ERROR;
				GCC_WARN_UNDECLARED_SELECTOR = YES;
				GCC_WARN_UNINITIALIZED_AUTOS = YES_AGGRESSIVE;
				GCC_WARN_UNUSED_FUNCTION = YES;
				GCC_WARN_UNUSED_VARIABLE = YES;
				IPHONEOS_DEPLOYMENT_TARGET = 17.2;
				LOCALIZATION_PREFERS_STRING_CATALOGS = YES;
				MTL_ENABLE_DEBUG_INFO = INCLUDE_SOURCE;
				MTL_FAST_MATH = YES;
				ONLY_ACTIVE_ARCH = YES;
				SDKROOT = iphoneos;
				SWIFT_ACTIVE_COMPILATION_CONDITIONS = "DEBUG $(inherited)";
				SWIFT_OPTIMIZATION_LEVEL = "-Onone";
			};
			name = Debug;
		};
		156323C52B4B846100A1DBE8 /* Release */ = {
			isa = XCBuildConfiguration;
			buildSettings = {
				ALWAYS_SEARCH_USER_PATHS = NO;
				ASSETCATALOG_COMPILER_GENERATE_SWIFT_ASSET_SYMBOL_EXTENSIONS = YES;
				CLANG_ANALYZER_NONNULL = YES;
				CLANG_ANALYZER_NUMBER_OBJECT_CONVERSION = YES_AGGRESSIVE;
				CLANG_CXX_LANGUAGE_STANDARD = "gnu++20";
				CLANG_ENABLE_MODULES = YES;
				CLANG_ENABLE_OBJC_ARC = YES;
				CLANG_ENABLE_OBJC_WEAK = YES;
				CLANG_WARN_BLOCK_CAPTURE_AUTORELEASING = YES;
				CLANG_WARN_BOOL_CONVERSION = YES;
				CLANG_WARN_COMMA = YES;
				CLANG_WARN_CONSTANT_CONVERSION = YES;
				CLANG_WARN_DEPRECATED_OBJC_IMPLEMENTATIONS = YES;
				CLANG_WARN_DIRECT_OBJC_ISA_USAGE = YES_ERROR;
				CLANG_WARN_DOCUMENTATION_COMMENTS = YES;
				CLANG_WARN_EMPTY_BODY = YES;
				CLANG_WARN_ENUM_CONVERSION = YES;
				CLANG_WARN_INFINITE_RECURSION = YES;
				CLANG_WARN_INT_CONVERSION = YES;
				CLANG_WARN_NON_LITERAL_NULL_CONVERSION = YES;
				CLANG_WARN_OBJC_IMPLICIT_RETAIN_SELF = YES;
				CLANG_WARN_OBJC_LITERAL_CONVERSION = YES;
				CLANG_WARN_OBJC_ROOT_CLASS = YES_ERROR;
				CLANG_WARN_QUOTED_INCLUDE_IN_FRAMEWORK_HEADER = YES;
				CLANG_WARN_RANGE_LOOP_ANALYSIS = YES;
				CLANG_WARN_STRICT_PROTOTYPES = YES;
				CLANG_WARN_SUSPICIOUS_MOVE = YES;
				CLANG_WARN_UNGUARDED_AVAILABILITY = YES_AGGRESSIVE;
				CLANG_WARN_UNREACHABLE_CODE = YES;
				CLANG_WARN__DUPLICATE_METHOD_MATCH = YES;
				COPY_PHASE_STRIP = NO;
				DEBUG_INFORMATION_FORMAT = "dwarf-with-dsym";
				ENABLE_NS_ASSERTIONS = NO;
				ENABLE_STRICT_OBJC_MSGSEND = YES;
				ENABLE_USER_SCRIPT_SANDBOXING = YES;
				GCC_C_LANGUAGE_STANDARD = gnu17;
				GCC_NO_COMMON_BLOCKS = YES;
				GCC_WARN_64_TO_32_BIT_CONVERSION = YES;
				GCC_WARN_ABOUT_RETURN_TYPE = YES_ERROR;
				GCC_WARN_UNDECLARED_SELECTOR = YES;
				GCC_WARN_UNINITIALIZED_AUTOS = YES_AGGRESSIVE;
				GCC_WARN_UNUSED_FUNCTION = YES;
				GCC_WARN_UNUSED_VARIABLE = YES;
				IPHONEOS_DEPLOYMENT_TARGET = 17.2;
				LOCALIZATION_PREFERS_STRING_CATALOGS = YES;
				MTL_ENABLE_DEBUG_INFO = NO;
				MTL_FAST_MATH = YES;
				SDKROOT = iphoneos;
				SWIFT_COMPILATION_MODE = wholemodule;
				VALIDATE_PRODUCT = YES;
			};
			name = Release;
		};
		156323C72B4B846100A1DBE8 /* Debug */ = {
			isa = XCBuildConfiguration;
			buildSettings = {
				ASSETCATALOG_COMPILER_APPICON_NAME = AppIcon;
				ASSETCATALOG_COMPILER_GLOBAL_ACCENT_COLOR_NAME = AccentColor;
				CODE_SIGN_STYLE = Automatic;
				CURRENT_PROJECT_VERSION = 1;
				DEVELOPMENT_ASSET_PATHS = "\"Scrumdinger/Preview Content\"";
				DEVELOPMENT_TEAM = CCSW9DL966;
				ENABLE_PREVIEWS = YES;
				GENERATE_INFOPLIST_FILE = YES;
				INFOPLIST_KEY_UIApplicationSceneManifest_Generation = YES;
				INFOPLIST_KEY_UIApplicationSupportsIndirectInputEvents = YES;
				INFOPLIST_KEY_UILaunchScreen_Generation = YES;
				INFOPLIST_KEY_UISupportedInterfaceOrientations_iPad = "UIInterfaceOrientationPortrait UIInterfaceOrientationPortraitUpsideDown UIInterfaceOrientationLandscapeLeft UIInterfaceOrientationLandscapeRight";
				INFOPLIST_KEY_UISupportedInterfaceOrientations_iPhone = "UIInterfaceOrientationPortrait UIInterfaceOrientationLandscapeLeft UIInterfaceOrientationLandscapeRight";
				LD_RUNPATH_SEARCH_PATHS = (
					"$(inherited)",
					"@executable_path/Frameworks",
				);
				MARKETING_VERSION = 1.0;
				PRODUCT_BUNDLE_IDENTIFIER = umaidashi.Scrumdinger;
				PRODUCT_NAME = "$(TARGET_NAME)";
				SWIFT_EMIT_LOC_STRINGS = YES;
				SWIFT_VERSION = 5.0;
				TARGETED_DEVICE_FAMILY = "1,2";
			};
			name = Debug;
		};
		156323C82B4B846100A1DBE8 /* Release */ = {
			isa = XCBuildConfiguration;
			buildSettings = {
				ASSETCATALOG_COMPILER_APPICON_NAME = AppIcon;
				ASSETCATALOG_COMPILER_GLOBAL_ACCENT_COLOR_NAME = AccentColor;
				CODE_SIGN_STYLE = Automatic;
				CURRENT_PROJECT_VERSION = 1;
				DEVELOPMENT_ASSET_PATHS = "\"Scrumdinger/Preview Content\"";
				DEVELOPMENT_TEAM = CCSW9DL966;
				ENABLE_PREVIEWS = YES;
				GENERATE_INFOPLIST_FILE = YES;
				INFOPLIST_KEY_UIApplicationSceneManifest_Generation = YES;
				INFOPLIST_KEY_UIApplicationSupportsIndirectInputEvents = YES;
				INFOPLIST_KEY_UILaunchScreen_Generation = YES;
				INFOPLIST_KEY_UISupportedInterfaceOrientations_iPad = "UIInterfaceOrientationPortrait UIInterfaceOrientationPortraitUpsideDown UIInterfaceOrientationLandscapeLeft UIInterfaceOrientationLandscapeRight";
				INFOPLIST_KEY_UISupportedInterfaceOrientations_iPhone = "UIInterfaceOrientationPortrait UIInterfaceOrientationLandscapeLeft UIInterfaceOrientationLandscapeRight";
				LD_RUNPATH_SEARCH_PATHS = (
					"$(inherited)",
					"@executable_path/Frameworks",
				);
				MARKETING_VERSION = 1.0;
				PRODUCT_BUNDLE_IDENTIFIER = umaidashi.Scrumdinger;
				PRODUCT_NAME = "$(TARGET_NAME)";
				SWIFT_EMIT_LOC_STRINGS = YES;
				SWIFT_VERSION = 5.0;
				TARGETED_DEVICE_FAMILY = "1,2";
			};
			name = Release;
		};
		156323CA2B4B846100A1DBE8 /* Debug */ = {
			isa = XCBuildConfiguration;
			buildSettings = {
				ALWAYS_EMBED_SWIFT_STANDARD_LIBRARIES = YES;
				BUNDLE_LOADER = "$(TEST_HOST)";
				CODE_SIGN_STYLE = Automatic;
				CURRENT_PROJECT_VERSION = 1;
				DEVELOPMENT_TEAM = CCSW9DL966;
				GENERATE_INFOPLIST_FILE = YES;
				IPHONEOS_DEPLOYMENT_TARGET = 17.2;
				MARKETING_VERSION = 1.0;
				PRODUCT_BUNDLE_IDENTIFIER = umaidashi.ScrumdingerTests;
				PRODUCT_NAME = "$(TARGET_NAME)";
				SWIFT_EMIT_LOC_STRINGS = NO;
				SWIFT_VERSION = 5.0;
				TARGETED_DEVICE_FAMILY = "1,2";
				TEST_HOST = "$(BUILT_PRODUCTS_DIR)/Scrumdinger.app/$(BUNDLE_EXECUTABLE_FOLDER_PATH)/Scrumdinger";
			};
			name = Debug;
		};
		156323CB2B4B846100A1DBE8 /* Release */ = {
			isa = XCBuildConfiguration;
			buildSettings = {
				ALWAYS_EMBED_SWIFT_STANDARD_LIBRARIES = YES;
				BUNDLE_LOADER = "$(TEST_HOST)";
				CODE_SIGN_STYLE = Automatic;
				CURRENT_PROJECT_VERSION = 1;
				DEVELOPMENT_TEAM = CCSW9DL966;
				GENERATE_INFOPLIST_FILE = YES;
				IPHONEOS_DEPLOYMENT_TARGET = 17.2;
				MARKETING_VERSION = 1.0;
				PRODUCT_BUNDLE_IDENTIFIER = umaidashi.ScrumdingerTests;
				PRODUCT_NAME = "$(TARGET_NAME)";
				SWIFT_EMIT_LOC_STRINGS = NO;
				SWIFT_VERSION = 5.0;
				TARGETED_DEVICE_FAMILY = "1,2";
				TEST_HOST = "$(BUILT_PRODUCTS_DIR)/Scrumdinger.app/$(BUNDLE_EXECUTABLE_FOLDER_PATH)/Scrumdinger";
			};
			name = Release;
		};
		156323CD2B4B846100A1DBE8 /* Debug */ = {
			isa = XCBuildConfiguration;
			buildSettings = {
				ALWAYS_EMBED_SWIFT_STANDARD_LIBRARIES = YES;
				CODE_SIGN_STYLE = Automatic;
				CURRENT_PROJECT_VERSION = 1;
				DEVELOPMENT_TEAM = CCSW9DL966;
				GENERATE_INFOPLIST_FILE = YES;
				MARKETING_VERSION = 1.0;
				PRODUCT_BUNDLE_IDENTIFIER = umaidashi.ScrumdingerUITests;
				PRODUCT_NAME = "$(TARGET_NAME)";
				SWIFT_EMIT_LOC_STRINGS = NO;
				SWIFT_VERSION = 5.0;
				TARGETED_DEVICE_FAMILY = "1,2";
				TEST_TARGET_NAME = Scrumdinger;
			};
			name = Debug;
		};
		156323CE2B4B846100A1DBE8 /* Release */ = {
			isa = XCBuildConfiguration;
			buildSettings = {
				ALWAYS_EMBED_SWIFT_STANDARD_LIBRARIES = YES;
				CODE_SIGN_STYLE = Automatic;
				CURRENT_PROJECT_VERSION = 1;
				DEVELOPMENT_TEAM = CCSW9DL966;
				GENERATE_INFOPLIST_FILE = YES;
				MARKETING_VERSION = 1.0;
				PRODUCT_BUNDLE_IDENTIFIER = umaidashi.ScrumdingerUITests;
				PRODUCT_NAME = "$(TARGET_NAME)";
				SWIFT_EMIT_LOC_STRINGS = NO;
				SWIFT_VERSION = 5.0;
				TARGETED_DEVICE_FAMILY = "1,2";
				TEST_TARGET_NAME = Scrumdinger;
			};
			name = Release;
		};
/* End XCBuildConfiguration section */

/* Begin XCConfigurationList section */
		1563239D2B4B846000A1DBE8 /* Build configuration list for PBXProject "Scrumdinger" */ = {
			isa = XCConfigurationList;
			buildConfigurations = (
				156323C42B4B846100A1DBE8 /* Debug */,
				156323C52B4B846100A1DBE8 /* Release */,
			);
			defaultConfigurationIsVisible = 0;
			defaultConfigurationName = Release;
		};
		156323C62B4B846100A1DBE8 /* Build configuration list for PBXNativeTarget "Scrumdinger" */ = {
			isa = XCConfigurationList;
			buildConfigurations = (
				156323C72B4B846100A1DBE8 /* Debug */,
				156323C82B4B846100A1DBE8 /* Release */,
			);
			defaultConfigurationIsVisible = 0;
			defaultConfigurationName = Release;
		};
		156323C92B4B846100A1DBE8 /* Build configuration list for PBXNativeTarget "ScrumdingerTests" */ = {
			isa = XCConfigurationList;
			buildConfigurations = (
				156323CA2B4B846100A1DBE8 /* Debug */,
				156323CB2B4B846100A1DBE8 /* Release */,
			);
			defaultConfigurationIsVisible = 0;
			defaultConfigurationName = Release;
		};
		156323CC2B4B846100A1DBE8 /* Build configuration list for PBXNativeTarget "ScrumdingerUITests" */ = {
			isa = XCConfigurationList;
			buildConfigurations = (
				156323CD2B4B846100A1DBE8 /* Debug */,
				156323CE2B4B846100A1DBE8 /* Release */,
			);
			defaultConfigurationIsVisible = 0;
			defaultConfigurationName = Release;
		};
/* End XCConfigurationList section */
	};
	rootObject = 1563239A2B4B846000A1DBE8 /* Project object */;
}
